
Microsoft Visual Studio Solution File, Format Version 12.00
# Visual Studio 15
VisualStudioVersion = 15.0.28010.2036
MinimumVisualStudioVersion = 10.0.40219.1
Project("{FAE04EC0-301F-11D3-BF4B-00C04F79EFBC}") = "HotelManager", "HotelManager\HotelManager.csproj", "{8F6FBA21-6C74-424E-BC0C-D95C46E03291}"
EndProject
Project("{FAE04EC0-301F-11D3-BF4B-00C04F79EFBC}") = "Helper", "Helper\Helper.csproj", "{5233F36F-1369-4706-90F8-73EC74C847C1}"
EndProject
Project("{FAE04EC0-301F-11D3-BF4B-00C04F79EFBC}") = "NewHM", "NewHM\NewHM.csproj", "{3296EF05-E69E-4A92-98CA-F47AC6E1D906}"
EndProject
Project("{FAE04EC0-301F-11D3-BF4B-00C04F79EFBC}") = "ConsoleForTest", "ConsoleForTest\ConsoleForTest.csproj", "{D8F722C0-0AB3-48E2-B0BC-1F97F48C69D0}"
EndProject
Project("{FAE04EC0-301F-11D3-BF4B-00C04F79EFBC}") = "MyControl", "MyControl\MyControl.csproj", "{55E81377-017C-44FC-A5B7-9B513940C0EC}"
EndProject
Global
	GlobalSection(SolutionConfigurationPlatforms) = preSolution
		Debug|Any CPU = Debug|Any CPU
		Release|Any CPU = Release|Any CPU
	EndGlobalSection
	GlobalSection(ProjectConfigurationPlatforms) = postSolution
		{8F6FBA21-6C74-424E-BC0C-D95C46E03291}.Debug|Any CPU.ActiveCfg = Debug|Any CPU
		{8F6FBA21-6C74-424E-BC0C-D95C46E03291}.Debug|Any CPU.Build.0 = Debug|Any CPU
		{8F6FBA21-6C74-424E-BC0C-D95C46E03291}.Release|Any CPU.ActiveCfg = Release|Any CPU
		{8F6FBA21-6C74-424E-BC0C-D95C46E03291}.Release|Any CPU.Build.0 = Release|Any CPU
		{5233F36F-1369-4706-90F8-73EC74C847C1}.Debug|Any CPU.ActiveCfg = Debug|Any CPU
		{5233F36F-1369-4706-90F8-73EC74C847C1}.Debug|Any CPU.Build.0 = Debug|Any CPU
		{5233F36F-1369-4706-90F8-73EC74C847C1}.Release|Any CPU.ActiveCfg = Release|Any CPU
		{5233F36F-1369-4706-90F8-73EC74C847C1}.Release|Any CPU.Build.0 = Release|Any CPU
		{3296EF05-E69E-4A92-98CA-F47AC6E1D906}.Debug|Any CPU.ActiveCfg = Debug|Any CPU
		{3296EF05-E69E-4A92-98CA-F47AC6E1D906}.Debug|Any CPU.Build.0 = Debug|Any CPU
		{3296EF05-E69E-4A92-98CA-F47AC6E1D906}.Release|Any CPU.ActiveCfg = Release|Any CPU
		{3296EF05-E69E-4A92-98CA-F47AC6E1D906}.Release|Any CPU.Build.0 = Release|Any CPU
		{D8F722C0-0AB3-48E2-B0BC-1F97F48C69D0}.Debug|Any CPU.ActiveCfg = Debug|Any CPU
		{D8F722C0-0AB3-48E2-B0BC-1F97F48C69D0}.Debug|Any CPU.Build.0 = Debug|Any CPU
		{D8F722C0-0AB3-48E2-B0BC-1F97F48C69D0}.Release|Any CPU.ActiveCfg = Release|Any CPU
		{D8F722C0-0AB3-48E2-B0BC-1F97F48C69D0}.Release|Any CPU.Build.0 = Release|Any CPU
		{55E81377-017C-44FC-A5B7-9B513940C0EC}.Debug|Any CPU.ActiveCfg = Debug|Any CPU
		{55E81377-017C-44FC-A5B7-9B513940C0EC}.Debug|Any CPU.Build.0 = Debug|Any CPU
		{55E81377-017C-44FC-A5B7-9B513940C0EC}.Release|Any CPU.ActiveCfg = Release|Any CPU
		{55E81377-017C-44FC-A5B7-9B513940C0EC}.Release|Any CPU.Build.0 = Release|Any CPU
	EndGlobalSection
	GlobalSection(SolutionProperties) = preSolution
		HideSolutionNode = FALSE
	EndGlobalSection
	GlobalSection(ExtensibilityGlobals) = postSolution
		SolutionGuid = {57F0D45A-4285-4F03-B369-A414E5EDCC2A}
	EndGlobalSection
EndGlobal
